// !$*UTF8*$!
{
	archiveVersion = 1;
	classes = {
	};
	objectVersion = 55;
	objects = {

/* Begin PBXBuildFile section */
		5015133F2859738A00501D66 /* FollowerListViewController.swift in Sources */ = {isa = PBXBuildFile; fileRef = 5015133E2859738A00501D66 /* FollowerListViewController.swift */; };
		50151341285976A400501D66 /* String+Ext.swift in Sources */ = {isa = PBXBuildFile; fileRef = 50151340285976A400501D66 /* String+Ext.swift */; };
		50151343285977B400501D66 /* GFTitleLabel.swift in Sources */ = {isa = PBXBuildFile; fileRef = 50151342285977B400501D66 /* GFTitleLabel.swift */; };
		50151345285978F500501D66 /* GFBodyLabel.swift in Sources */ = {isa = PBXBuildFile; fileRef = 50151344285978F500501D66 /* GFBodyLabel.swift */; };
		501513472859797A00501D66 /* GFAlertViewController.swift in Sources */ = {isa = PBXBuildFile; fileRef = 501513462859797A00501D66 /* GFAlertViewController.swift */; };
		5015134928597E8800501D66 /* UIViewController+Ext.swift in Sources */ = {isa = PBXBuildFile; fileRef = 5015134828597E8800501D66 /* UIViewController+Ext.swift */; };
		501513502859846000501D66 /* Follower.swift in Sources */ = {isa = PBXBuildFile; fileRef = 5015134F2859846000501D66 /* Follower.swift */; };
		501513522859851F00501D66 /* User.swift in Sources */ = {isa = PBXBuildFile; fileRef = 501513512859851E00501D66 /* User.swift */; };
		50151354285988FF00501D66 /* NetworkManager.swift in Sources */ = {isa = PBXBuildFile; fileRef = 50151353285988FF00501D66 /* NetworkManager.swift */; };
		50151359285993B300501D66 /* FollowerCollectionViewCell.swift in Sources */ = {isa = PBXBuildFile; fileRef = 50151358285993B300501D66 /* FollowerCollectionViewCell.swift */; };
		5015135B2859941100501D66 /* GFAvatarImageView.swift in Sources */ = {isa = PBXBuildFile; fileRef = 5015135A2859941100501D66 /* GFAvatarImageView.swift */; };
		5015135D28599E8000501D66 /* ThreeColumnFlowLayout.swift in Sources */ = {isa = PBXBuildFile; fileRef = 5015135C28599E8000501D66 /* ThreeColumnFlowLayout.swift */; };
		5015135F2859AA3C00501D66 /* GFEmptyStateView.swift in Sources */ = {isa = PBXBuildFile; fileRef = 5015135E2859AA3C00501D66 /* GFEmptyStateView.swift */; };
		50151361285D58C800501D66 /* UserInfoViewController.swift in Sources */ = {isa = PBXBuildFile; fileRef = 50151360285D58C800501D66 /* UserInfoViewController.swift */; };
		50151363285D919400501D66 /* GFError.swift in Sources */ = {isa = PBXBuildFile; fileRef = 50151362285D919400501D66 /* GFError.swift */; };
		50151365285D93A900501D66 /* GFUserInfoHeaderViewController.swift in Sources */ = {isa = PBXBuildFile; fileRef = 50151364285D93A900501D66 /* GFUserInfoHeaderViewController.swift */; };
		50151367285D93FC00501D66 /* GFSecondaryTitleLabel.swift in Sources */ = {isa = PBXBuildFile; fileRef = 50151366285D93FC00501D66 /* GFSecondaryTitleLabel.swift */; };
		50151369285D98B300501D66 /* Constants.swift in Sources */ = {isa = PBXBuildFile; fileRef = 50151368285D98B300501D66 /* Constants.swift */; };
		50914303285EBA4500268B79 /* GFItemInfoView.swift in Sources */ = {isa = PBXBuildFile; fileRef = 50914302285EBA4500268B79 /* GFItemInfoView.swift */; };
		50914305285EBD7500268B79 /* GFItemInfoViewController.swift in Sources */ = {isa = PBXBuildFile; fileRef = 50914304285EBD7500268B79 /* GFItemInfoViewController.swift */; };
		50914307285EBFB400268B79 /* GFRepoItemViewController.swift in Sources */ = {isa = PBXBuildFile; fileRef = 50914306285EBFB400268B79 /* GFRepoItemViewController.swift */; };
		50914309285EC11200268B79 /* GFFollowerItemViewController.swift in Sources */ = {isa = PBXBuildFile; fileRef = 50914308285EC11200268B79 /* GFFollowerItemViewController.swift */; };
		5091430C285EC31A00268B79 /* Date+Ext.swift in Sources */ = {isa = PBXBuildFile; fileRef = 5091430B285EC31A00268B79 /* Date+Ext.swift */; };
		5091430E285ECC4F00268B79 /* PersistenceManager.swift in Sources */ = {isa = PBXBuildFile; fileRef = 5091430D285ECC4F00268B79 /* PersistenceManager.swift */; };
		5091431E2861790200268B79 /* FavoriteTableViewCell.swift in Sources */ = {isa = PBXBuildFile; fileRef = 5091431D2861790200268B79 /* FavoriteTableViewCell.swift */; };
		50AC68AE2859285D00B78398 /* AppDelegate.swift in Sources */ = {isa = PBXBuildFile; fileRef = 50AC68AD2859285D00B78398 /* AppDelegate.swift */; };
		50AC68B02859285D00B78398 /* SceneDelegate.swift in Sources */ = {isa = PBXBuildFile; fileRef = 50AC68AF2859285D00B78398 /* SceneDelegate.swift */; };
		50AC68B72859285E00B78398 /* Assets.xcassets in Resources */ = {isa = PBXBuildFile; fileRef = 50AC68B62859285E00B78398 /* Assets.xcassets */; };
		50AC68BA2859285E00B78398 /* LaunchScreen.storyboard in Resources */ = {isa = PBXBuildFile; fileRef = 50AC68B82859285E00B78398 /* LaunchScreen.storyboard */; };
		50AC68C228592CB800B78398 /* SearchViewController.swift in Sources */ = {isa = PBXBuildFile; fileRef = 50AC68C128592CB800B78398 /* SearchViewController.swift */; };
		50AC68C428592CE200B78398 /* FavoritesListViewController.swift in Sources */ = {isa = PBXBuildFile; fileRef = 50AC68C328592CE200B78398 /* FavoritesListViewController.swift */; };
		50AC68C62859321F00B78398 /* GFButton.swift in Sources */ = {isa = PBXBuildFile; fileRef = 50AC68C52859321F00B78398 /* GFButton.swift */; };
		50AC68C8285934E800B78398 /* GFTextField.swift in Sources */ = {isa = PBXBuildFile; fileRef = 50AC68C7285934E800B78398 /* GFTextField.swift */; };
/* End PBXBuildFile section */

/* Begin PBXFileReference section */
		5015133E2859738A00501D66 /* FollowerListViewController.swift */ = {isa = PBXFileReference; lastKnownFileType = sourcecode.swift; path = FollowerListViewController.swift; sourceTree = "<group>"; };
		50151340285976A400501D66 /* String+Ext.swift */ = {isa = PBXFileReference; fileEncoding = 4; lastKnownFileType = sourcecode.swift; path = "String+Ext.swift"; sourceTree = "<group>"; };
		50151342285977B400501D66 /* GFTitleLabel.swift */ = {isa = PBXFileReference; lastKnownFileType = sourcecode.swift; path = GFTitleLabel.swift; sourceTree = "<group>"; };
		50151344285978F500501D66 /* GFBodyLabel.swift */ = {isa = PBXFileReference; lastKnownFileType = sourcecode.swift; path = GFBodyLabel.swift; sourceTree = "<group>"; };
		501513462859797A00501D66 /* GFAlertViewController.swift */ = {isa = PBXFileReference; lastKnownFileType = sourcecode.swift; path = GFAlertViewController.swift; sourceTree = "<group>"; };
		5015134828597E8800501D66 /* UIViewController+Ext.swift */ = {isa = PBXFileReference; lastKnownFileType = sourcecode.swift; path = "UIViewController+Ext.swift"; sourceTree = "<group>"; };
		5015134F2859846000501D66 /* Follower.swift */ = {isa = PBXFileReference; lastKnownFileType = sourcecode.swift; path = Follower.swift; sourceTree = "<group>"; };
		501513512859851E00501D66 /* User.swift */ = {isa = PBXFileReference; lastKnownFileType = sourcecode.swift; path = User.swift; sourceTree = "<group>"; };
		50151353285988FF00501D66 /* NetworkManager.swift */ = {isa = PBXFileReference; lastKnownFileType = sourcecode.swift; path = NetworkManager.swift; sourceTree = "<group>"; };
		50151358285993B300501D66 /* FollowerCollectionViewCell.swift */ = {isa = PBXFileReference; lastKnownFileType = sourcecode.swift; path = FollowerCollectionViewCell.swift; sourceTree = "<group>"; };
		5015135A2859941100501D66 /* GFAvatarImageView.swift */ = {isa = PBXFileReference; lastKnownFileType = sourcecode.swift; path = GFAvatarImageView.swift; sourceTree = "<group>"; };
		5015135C28599E8000501D66 /* ThreeColumnFlowLayout.swift */ = {isa = PBXFileReference; lastKnownFileType = sourcecode.swift; path = ThreeColumnFlowLayout.swift; sourceTree = "<group>"; };
		5015135E2859AA3C00501D66 /* GFEmptyStateView.swift */ = {isa = PBXFileReference; lastKnownFileType = sourcecode.swift; path = GFEmptyStateView.swift; sourceTree = "<group>"; };
		50151360285D58C800501D66 /* UserInfoViewController.swift */ = {isa = PBXFileReference; lastKnownFileType = sourcecode.swift; path = UserInfoViewController.swift; sourceTree = "<group>"; };
		50151362285D919400501D66 /* GFError.swift */ = {isa = PBXFileReference; lastKnownFileType = sourcecode.swift; path = GFError.swift; sourceTree = "<group>"; };
		50151364285D93A900501D66 /* GFUserInfoHeaderViewController.swift */ = {isa = PBXFileReference; lastKnownFileType = sourcecode.swift; path = GFUserInfoHeaderViewController.swift; sourceTree = "<group>"; };
		50151366285D93FC00501D66 /* GFSecondaryTitleLabel.swift */ = {isa = PBXFileReference; lastKnownFileType = sourcecode.swift; path = GFSecondaryTitleLabel.swift; sourceTree = "<group>"; };
		50151368285D98B300501D66 /* Constants.swift */ = {isa = PBXFileReference; lastKnownFileType = sourcecode.swift; path = Constants.swift; sourceTree = "<group>"; };
		50914302285EBA4500268B79 /* GFItemInfoView.swift */ = {isa = PBXFileReference; lastKnownFileType = sourcecode.swift; path = GFItemInfoView.swift; sourceTree = "<group>"; };
		50914304285EBD7500268B79 /* GFItemInfoViewController.swift */ = {isa = PBXFileReference; lastKnownFileType = sourcecode.swift; path = GFItemInfoViewController.swift; sourceTree = "<group>"; };
		50914306285EBFB400268B79 /* GFRepoItemViewController.swift */ = {isa = PBXFileReference; lastKnownFileType = sourcecode.swift; path = GFRepoItemViewController.swift; sourceTree = "<group>"; };
		50914308285EC11200268B79 /* GFFollowerItemViewController.swift */ = {isa = PBXFileReference; lastKnownFileType = sourcecode.swift; path = GFFollowerItemViewController.swift; sourceTree = "<group>"; };
		5091430B285EC31A00268B79 /* Date+Ext.swift */ = {isa = PBXFileReference; lastKnownFileType = sourcecode.swift; path = "Date+Ext.swift"; sourceTree = "<group>"; };
		5091430D285ECC4F00268B79 /* PersistenceManager.swift */ = {isa = PBXFileReference; lastKnownFileType = sourcecode.swift; path = PersistenceManager.swift; sourceTree = "<group>"; };
		5091431D2861790200268B79 /* FavoriteTableViewCell.swift */ = {isa = PBXFileReference; lastKnownFileType = sourcecode.swift; path = FavoriteTableViewCell.swift; sourceTree = "<group>"; };
		50AC68AA2859285D00B78398 /* Github Followers.app */ = {isa = PBXFileReference; explicitFileType = wrapper.application; includeInIndex = 0; path = "Github Followers.app"; sourceTree = BUILT_PRODUCTS_DIR; };
		50AC68AD2859285D00B78398 /* AppDelegate.swift */ = {isa = PBXFileReference; lastKnownFileType = sourcecode.swift; path = AppDelegate.swift; sourceTree = "<group>"; };
		50AC68AF2859285D00B78398 /* SceneDelegate.swift */ = {isa = PBXFileReference; lastKnownFileType = sourcecode.swift; path = SceneDelegate.swift; sourceTree = "<group>"; };
		50AC68B62859285E00B78398 /* Assets.xcassets */ = {isa = PBXFileReference; lastKnownFileType = folder.assetcatalog; path = Assets.xcassets; sourceTree = "<group>"; };
		50AC68B92859285E00B78398 /* Base */ = {isa = PBXFileReference; lastKnownFileType = file.storyboard; name = Base; path = Base.lproj/LaunchScreen.storyboard; sourceTree = "<group>"; };
		50AC68BB2859285E00B78398 /* Info.plist */ = {isa = PBXFileReference; lastKnownFileType = text.plist.xml; path = Info.plist; sourceTree = "<group>"; };
		50AC68C128592CB800B78398 /* SearchViewController.swift */ = {isa = PBXFileReference; lastKnownFileType = sourcecode.swift; path = SearchViewController.swift; sourceTree = "<group>"; };
		50AC68C328592CE200B78398 /* FavoritesListViewController.swift */ = {isa = PBXFileReference; lastKnownFileType = sourcecode.swift; path = FavoritesListViewController.swift; sourceTree = "<group>"; };
		50AC68C52859321F00B78398 /* GFButton.swift */ = {isa = PBXFileReference; lastKnownFileType = sourcecode.swift; path = GFButton.swift; sourceTree = "<group>"; };
		50AC68C7285934E800B78398 /* GFTextField.swift */ = {isa = PBXFileReference; lastKnownFileType = sourcecode.swift; path = GFTextField.swift; sourceTree = "<group>"; };
/* End PBXFileReference section */

/* Begin PBXFrameworksBuildPhase section */
		50AC68A72859285D00B78398 /* Frameworks */ = {
			isa = PBXFrameworksBuildPhase;
			buildActionMask = 2147483647;
			files = (
			);
			runOnlyForDeploymentPostprocessing = 0;
		};
/* End PBXFrameworksBuildPhase section */

/* Begin PBXGroup section */
		5015134A2859812F00501D66 /* Controllers */ = {
			isa = PBXGroup;
			children = (
				50AC68C128592CB800B78398 /* SearchViewController.swift */,
				5015133E2859738A00501D66 /* FollowerListViewController.swift */,
				50AC68C328592CE200B78398 /* FavoritesListViewController.swift */,
				50151360285D58C800501D66 /* UserInfoViewController.swift */,
			);
			path = Controllers;
			sourceTree = "<group>";
		};
		5015134B2859815700501D66 /* Views */ = {
			isa = PBXGroup;
			children = (
				50914301285EBA0400268B79 /* Labels */,
				501513572859939D00501D66 /* Cells */,
				5091430A285EC15000268B79 /* ViewControllers */,
				5015135E2859AA3C00501D66 /* GFEmptyStateView.swift */,
				5015135A2859941100501D66 /* GFAvatarImageView.swift */,
				50AC68C52859321F00B78398 /* GFButton.swift */,
				50AC68C7285934E800B78398 /* GFTextField.swift */,
				50914302285EBA4500268B79 /* GFItemInfoView.swift */,
			);
			path = Views;
			sourceTree = "<group>";
		};
		5015134C2859815D00501D66 /* Models */ = {
			isa = PBXGroup;
			children = (
				5015134F2859846000501D66 /* Follower.swift */,
				501513512859851E00501D66 /* User.swift */,
				50151353285988FF00501D66 /* NetworkManager.swift */,
				5015135C28599E8000501D66 /* ThreeColumnFlowLayout.swift */,
				50151362285D919400501D66 /* GFError.swift */,
				50151368285D98B300501D66 /* Constants.swift */,
				5091430D285ECC4F00268B79 /* PersistenceManager.swift */,
			);
			path = Models;
			sourceTree = "<group>";
		};
		5015134D285981A000501D66 /* Extensions */ = {
			isa = PBXGroup;
			children = (
				50151340285976A400501D66 /* String+Ext.swift */,
				5015134828597E8800501D66 /* UIViewController+Ext.swift */,
				5091430B285EC31A00268B79 /* Date+Ext.swift */,
			);
			path = Extensions;
			sourceTree = "<group>";
		};
		5015134E2859829700501D66 /* Resources */ = {
			isa = PBXGroup;
			children = (
				50AC68AD2859285D00B78398 /* AppDelegate.swift */,
				50AC68AF2859285D00B78398 /* SceneDelegate.swift */,
				50AC68B62859285E00B78398 /* Assets.xcassets */,
				50AC68B82859285E00B78398 /* LaunchScreen.storyboard */,
			);
			path = Resources;
			sourceTree = "<group>";
		};
		501513572859939D00501D66 /* Cells */ = {
			isa = PBXGroup;
			children = (
				50151358285993B300501D66 /* FollowerCollectionViewCell.swift */,
				5091431D2861790200268B79 /* FavoriteTableViewCell.swift */,
			);
			path = Cells;
			sourceTree = "<group>";
		};
		50914301285EBA0400268B79 /* Labels */ = {
			isa = PBXGroup;
			children = (
				50151342285977B400501D66 /* GFTitleLabel.swift */,
				50151344285978F500501D66 /* GFBodyLabel.swift */,
				50151366285D93FC00501D66 /* GFSecondaryTitleLabel.swift */,
			);
			path = Labels;
			sourceTree = "<group>";
		};
		5091430A285EC15000268B79 /* ViewControllers */ = {
			isa = PBXGroup;
			children = (
				50914304285EBD7500268B79 /* GFItemInfoViewController.swift */,
				50914306285EBFB400268B79 /* GFRepoItemViewController.swift */,
				50914308285EC11200268B79 /* GFFollowerItemViewController.swift */,
				501513462859797A00501D66 /* GFAlertViewController.swift */,
				50151364285D93A900501D66 /* GFUserInfoHeaderViewController.swift */,
			);
			path = ViewControllers;
			sourceTree = "<group>";
		};
		50AC68A12859285D00B78398 = {
			isa = PBXGroup;
			children = (
				50AC68AC2859285D00B78398 /* Github Followers */,
				50AC68AB2859285D00B78398 /* Products */,
			);
			sourceTree = "<group>";
		};
		50AC68AB2859285D00B78398 /* Products */ = {
			isa = PBXGroup;
			children = (
				50AC68AA2859285D00B78398 /* Github Followers.app */,
			);
			name = Products;
			sourceTree = "<group>";
		};
		50AC68AC2859285D00B78398 /* Github Followers */ = {
			isa = PBXGroup;
			children = (
				50AC68BB2859285E00B78398 /* Info.plist */,
				5015134E2859829700501D66 /* Resources */,
				5015134D285981A000501D66 /* Extensions */,
				5015134C2859815D00501D66 /* Models */,
				5015134B2859815700501D66 /* Views */,
				5015134A2859812F00501D66 /* Controllers */,
			);
			path = "Github Followers";
			sourceTree = "<group>";
		};
/* End PBXGroup section */

/* Begin PBXNativeTarget section */
		50AC68A92859285D00B78398 /* Github Followers */ = {
			isa = PBXNativeTarget;
			buildConfigurationList = 50AC68BE2859285E00B78398 /* Build configuration list for PBXNativeTarget "Github Followers" */;
			buildPhases = (
				50AC68A62859285D00B78398 /* Sources */,
				50AC68A72859285D00B78398 /* Frameworks */,
				50AC68A82859285D00B78398 /* Resources */,
			);
			buildRules = (
			);
			dependencies = (
			);
			name = "Github Followers";
			productName = "Github Followers";
			productReference = 50AC68AA2859285D00B78398 /* Github Followers.app */;
			productType = "com.apple.product-type.application";
		};
/* End PBXNativeTarget section */

/* Begin PBXProject section */
		50AC68A22859285D00B78398 /* Project object */ = {
			isa = PBXProject;
			attributes = {
				BuildIndependentTargetsInParallel = 1;
				LastSwiftUpdateCheck = 1340;
				LastUpgradeCheck = 1340;
				TargetAttributes = {
					50AC68A92859285D00B78398 = {
						CreatedOnToolsVersion = 13.4.1;
					};
				};
			};
			buildConfigurationList = 50AC68A52859285D00B78398 /* Build configuration list for PBXProject "Github Followers" */;
			compatibilityVersion = "Xcode 13.0";
			developmentRegion = en;
			hasScannedForEncodings = 0;
			knownRegions = (
				en,
				Base,
			);
			mainGroup = 50AC68A12859285D00B78398;
			productRefGroup = 50AC68AB2859285D00B78398 /* Products */;
			projectDirPath = "";
			projectRoot = "";
			targets = (
				50AC68A92859285D00B78398 /* Github Followers */,
			);
		};
/* End PBXProject section */

/* Begin PBXResourcesBuildPhase section */
		50AC68A82859285D00B78398 /* Resources */ = {
			isa = PBXResourcesBuildPhase;
			buildActionMask = 2147483647;
			files = (
				50AC68BA2859285E00B78398 /* LaunchScreen.storyboard in Resources */,
				50AC68B72859285E00B78398 /* Assets.xcassets in Resources */,
			);
			runOnlyForDeploymentPostprocessing = 0;
		};
/* End PBXResourcesBuildPhase section */

/* Begin PBXSourcesBuildPhase section */
		50AC68A62859285D00B78398 /* Sources */ = {
			isa = PBXSourcesBuildPhase;
			buildActionMask = 2147483647;
			files = (
				50AC68C8285934E800B78398 /* GFTextField.swift in Sources */,
				50151361285D58C800501D66 /* UserInfoViewController.swift in Sources */,
				50914309285EC11200268B79 /* GFFollowerItemViewController.swift in Sources */,
				50AC68C228592CB800B78398 /* SearchViewController.swift in Sources */,
				5015134928597E8800501D66 /* UIViewController+Ext.swift in Sources */,
				50AC68C62859321F00B78398 /* GFButton.swift in Sources */,
				5015133F2859738A00501D66 /* FollowerListViewController.swift in Sources */,
				5015135F2859AA3C00501D66 /* GFEmptyStateView.swift in Sources */,
				50151367285D93FC00501D66 /* GFSecondaryTitleLabel.swift in Sources */,
				50AC68AE2859285D00B78398 /* AppDelegate.swift in Sources */,
				50151363285D919400501D66 /* GFError.swift in Sources */,
				501513522859851F00501D66 /* User.swift in Sources */,
				501513472859797A00501D66 /* GFAlertViewController.swift in Sources */,
				50914307285EBFB400268B79 /* GFRepoItemViewController.swift in Sources */,
				5091431E2861790200268B79 /* FavoriteTableViewCell.swift in Sources */,
				5015135B2859941100501D66 /* GFAvatarImageView.swift in Sources */,
				50151359285993B300501D66 /* FollowerCollectionViewCell.swift in Sources */,
				501513502859846000501D66 /* Follower.swift in Sources */,
				5015135D28599E8000501D66 /* ThreeColumnFlowLayout.swift in Sources */,
				50AC68C428592CE200B78398 /* FavoritesListViewController.swift in Sources */,
				50151343285977B400501D66 /* GFTitleLabel.swift in Sources */,
				50151341285976A400501D66 /* String+Ext.swift in Sources */,
				5091430E285ECC4F00268B79 /* PersistenceManager.swift in Sources */,
				50151354285988FF00501D66 /* NetworkManager.swift in Sources */,
				50914305285EBD7500268B79 /* GFItemInfoViewController.swift in Sources */,
				5091430C285EC31A00268B79 /* Date+Ext.swift in Sources */,
				50AC68B02859285D00B78398 /* SceneDelegate.swift in Sources */,
				50151345285978F500501D66 /* GFBodyLabel.swift in Sources */,
				50914303285EBA4500268B79 /* GFItemInfoView.swift in Sources */,
				50151365285D93A900501D66 /* GFUserInfoHeaderViewController.swift in Sources */,
				50151369285D98B300501D66 /* Constants.swift in Sources */,
			);
			runOnlyForDeploymentPostprocessing = 0;
		};
/* End PBXSourcesBuildPhase section */

/* Begin PBXVariantGroup section */
		50AC68B82859285E00B78398 /* LaunchScreen.storyboard */ = {
			isa = PBXVariantGroup;
			children = (
				50AC68B92859285E00B78398 /* Base */,
			);
			name = LaunchScreen.storyboard;
			sourceTree = "<group>";
		};
/* End PBXVariantGroup section */

/* Begin XCBuildConfiguration section */
		50AC68BC2859285E00B78398 /* Debug */ = {
			isa = XCBuildConfiguration;
			buildSettings = {
				ALWAYS_SEARCH_USER_PATHS = NO;
				CLANG_ANALYZER_NONNULL = YES;
				CLANG_ANALYZER_NUMBER_OBJECT_CONVERSION = YES_AGGRESSIVE;
				CLANG_CXX_LANGUAGE_STANDARD = "gnu++17";
				CLANG_ENABLE_MODULES = YES;
				CLANG_ENABLE_OBJC_ARC = YES;
				CLANG_ENABLE_OBJC_WEAK = YES;
				CLANG_WARN_BLOCK_CAPTURE_AUTORELEASING = YES;
				CLANG_WARN_BOOL_CONVERSION = YES;
				CLANG_WARN_COMMA = YES;
				CLANG_WARN_CONSTANT_CONVERSION = YES;
				CLANG_WARN_DEPRECATED_OBJC_IMPLEMENTATIONS = YES;
				CLANG_WARN_DIRECT_OBJC_ISA_USAGE = YES_ERROR;
				CLANG_WARN_DOCUMENTATION_COMMENTS = YES;
				CLANG_WARN_EMPTY_BODY = YES;
				CLANG_WARN_ENUM_CONVERSION = YES;
				CLANG_WARN_INFINITE_RECURSION = YES;
				CLANG_WARN_INT_CONVERSION = YES;
				CLANG_WARN_NON_LITERAL_NULL_CONVERSION = YES;
				CLANG_WARN_OBJC_IMPLICIT_RETAIN_SELF = YES;
				CLANG_WARN_OBJC_LITERAL_CONVERSION = YES;
				CLANG_WARN_OBJC_ROOT_CLASS = YES_ERROR;
				CLANG_WARN_QUOTED_INCLUDE_IN_FRAMEWORK_HEADER = YES;
				CLANG_WARN_RANGE_LOOP_ANALYSIS = YES;
				CLANG_WARN_STRICT_PROTOTYPES = YES;
				CLANG_WARN_SUSPICIOUS_MOVE = YES;
				CLANG_WARN_UNGUARDED_AVAILABILITY = YES_AGGRESSIVE;
				CLANG_WARN_UNREACHABLE_CODE = YES;
				CLANG_WARN__DUPLICATE_METHOD_MATCH = YES;
				COPY_PHASE_STRIP = NO;
				DEBUG_INFORMATION_FORMAT = dwarf;
				ENABLE_STRICT_OBJC_MSGSEND = YES;
				ENABLE_TESTABILITY = YES;
				GCC_C_LANGUAGE_STANDARD = gnu11;
				GCC_DYNAMIC_NO_PIC = NO;
				GCC_NO_COMMON_BLOCKS = YES;
				GCC_OPTIMIZATION_LEVEL = 0;
				GCC_PREPROCESSOR_DEFINITIONS = (
					"DEBUG=1",
					"$(inherited)",
				);
				GCC_WARN_64_TO_32_BIT_CONVERSION = YES;
				GCC_WARN_ABOUT_RETURN_TYPE = YES_ERROR;
				GCC_WARN_UNDECLARED_SELECTOR = YES;
				GCC_WARN_UNINITIALIZED_AUTOS = YES_AGGRESSIVE;
				GCC_WARN_UNUSED_FUNCTION = YES;
				GCC_WARN_UNUSED_VARIABLE = YES;
				IPHONEOS_DEPLOYMENT_TARGET = 15.5;
				MTL_ENABLE_DEBUG_INFO = INCLUDE_SOURCE;
				MTL_FAST_MATH = YES;
				ONLY_ACTIVE_ARCH = YES;
				SDKROOT = iphoneos;
				SWIFT_ACTIVE_COMPILATION_CONDITIONS = DEBUG;
				SWIFT_OPTIMIZATION_LEVEL = "-Onone";
			};
			name = Debug;
		};
		50AC68BD2859285E00B78398 /* Release */ = {
			isa = XCBuildConfiguration;
			buildSettings = {
				ALWAYS_SEARCH_USER_PATHS = NO;
				CLANG_ANALYZER_NONNULL = YES;
				CLANG_ANALYZER_NUMBER_OBJECT_CONVERSION = YES_AGGRESSIVE;
				CLANG_CXX_LANGUAGE_STANDARD = "gnu++17";
				CLANG_ENABLE_MODULES = YES;
				CLANG_ENABLE_OBJC_ARC = YES;
				CLANG_ENABLE_OBJC_WEAK = YES;
				CLANG_WARN_BLOCK_CAPTURE_AUTORELEASING = YES;
				CLANG_WARN_BOOL_CONVERSION = YES;
				CLANG_WARN_COMMA = YES;
				CLANG_WARN_CONSTANT_CONVERSION = YES;
				CLANG_WARN_DEPRECATED_OBJC_IMPLEMENTATIONS = YES;
				CLANG_WARN_DIRECT_OBJC_ISA_USAGE = YES_ERROR;
				CLANG_WARN_DOCUMENTATION_COMMENTS = YES;
				CLANG_WARN_EMPTY_BODY = YES;
				CLANG_WARN_ENUM_CONVERSION = YES;
				CLANG_WARN_INFINITE_RECURSION = YES;
				CLANG_WARN_INT_CONVERSION = YES;
				CLANG_WARN_NON_LITERAL_NULL_CONVERSION = YES;
				CLANG_WARN_OBJC_IMPLICIT_RETAIN_SELF = YES;
				CLANG_WARN_OBJC_LITERAL_CONVERSION = YES;
				CLANG_WARN_OBJC_ROOT_CLASS = YES_ERROR;
				CLANG_WARN_QUOTED_INCLUDE_IN_FRAMEWORK_HEADER = YES;
				CLANG_WARN_RANGE_LOOP_ANALYSIS = YES;
				CLANG_WARN_STRICT_PROTOTYPES = YES;
				CLANG_WARN_SUSPICIOUS_MOVE = YES;
				CLANG_WARN_UNGUARDED_AVAILABILITY = YES_AGGRESSIVE;
				CLANG_WARN_UNREACHABLE_CODE = YES;
				CLANG_WARN__DUPLICATE_METHOD_MATCH = YES;
				COPY_PHASE_STRIP = NO;
				DEBUG_INFORMATION_FORMAT = "dwarf-with-dsym";
				ENABLE_NS_ASSERTIONS = NO;
				ENABLE_STRICT_OBJC_MSGSEND = YES;
				GCC_C_LANGUAGE_STANDARD = gnu11;
				GCC_NO_COMMON_BLOCKS = YES;
				GCC_WARN_64_TO_32_BIT_CONVERSION = YES;
				GCC_WARN_ABOUT_RETURN_TYPE = YES_ERROR;
				GCC_WARN_UNDECLARED_SELECTOR = YES;
				GCC_WARN_UNINITIALIZED_AUTOS = YES_AGGRESSIVE;
				GCC_WARN_UNUSED_FUNCTION = YES;
				GCC_WARN_UNUSED_VARIABLE = YES;
				IPHONEOS_DEPLOYMENT_TARGET = 15.5;
				MTL_ENABLE_DEBUG_INFO = NO;
				MTL_FAST_MATH = YES;
				SDKROOT = iphoneos;
				SWIFT_COMPILATION_MODE = wholemodule;
				SWIFT_OPTIMIZATION_LEVEL = "-O";
				VALIDATE_PRODUCT = YES;
			};
			name = Release;
		};
		50AC68BF2859285E00B78398 /* Debug */ = {
			isa = XCBuildConfiguration;
			buildSettings = {
				ASSETCATALOG_COMPILER_APPICON_NAME = AppIcon;
				ASSETCATALOG_COMPILER_GLOBAL_ACCENT_COLOR_NAME = AccentColor;
				CODE_SIGN_STYLE = Automatic;
				CURRENT_PROJECT_VERSION = 1;
				DEVELOPMENT_TEAM = C5L746M7FW;
				GENERATE_INFOPLIST_FILE = YES;
				INFOPLIST_FILE = "Github Followers/Info.plist";
				INFOPLIST_KEY_UIApplicationSupportsIndirectInputEvents = YES;
				INFOPLIST_KEY_UILaunchStoryboardName = LaunchScreen;
				INFOPLIST_KEY_UISupportedInterfaceOrientations = UIInterfaceOrientationPortrait;
				INFOPLIST_KEY_UISupportedInterfaceOrientations_iPad = "UIInterfaceOrientationPortrait UIInterfaceOrientationPortraitUpsideDown UIInterfaceOrientationLandscapeLeft UIInterfaceOrientationLandscapeRight";
				INFOPLIST_KEY_UISupportedInterfaceOrientations_iPhone = "UIInterfaceOrientationPortrait UIInterfaceOrientationLandscapeLeft UIInterfaceOrientationLandscapeRight";
				LD_RUNPATH_SEARCH_PATHS = (
					"$(inherited)",
					"@executable_path/Frameworks",
				);
				MARKETING_VERSION = 1.0;
				PRODUCT_BUNDLE_IDENTIFIER = "com.itsmaxpark.Github-Followers";
				PRODUCT_NAME = "$(TARGET_NAME)";
				SWIFT_EMIT_LOC_STRINGS = YES;
				SWIFT_VERSION = 5.0;
				TARGETED_DEVICE_FAMILY = 1;
			};
			name = Debug;
		};
		50AC68C02859285E00B78398 /* Release */ = {
			isa = XCBuildConfiguration;
			buildSettings = {
				ASSETCATALOG_COMPILER_APPICON_NAME = AppIcon;
				ASSETCATALOG_COMPILER_GLOBAL_ACCENT_COLOR_NAME = AccentColor;
				CODE_SIGN_STYLE = Automatic;
				CURRENT_PROJECT_VERSION = 1;
				DEVELOPMENT_TEAM = C5L746M7FW;
				GENERATE_INFOPLIST_FILE = YES;
				INFOPLIST_FILE = "Github Followers/Info.plist";
				INFOPLIST_KEY_UIApplicationSupportsIndirectInputEvents = YES;
				INFOPLIST_KEY_UILaunchStoryboardName = LaunchScreen;
				INFOPLIST_KEY_UISupportedInterfaceOrientations = UIInterfaceOrientationPortrait;
				INFOPLIST_KEY_UISupportedInterfaceOrientations_iPad = "UIInterfaceOrientationPortrait UIInterfaceOrientationPortraitUpsideDown UIInterfaceOrientationLandscapeLeft UIInterfaceOrientationLandscapeRight";
				INFOPLIST_KEY_UISupportedInterfaceOrientations_iPhone = "UIInterfaceOrientationPortrait UIInterfaceOrientationLandscapeLeft UIInterfaceOrientationLandscapeRight";
				LD_RUNPATH_SEARCH_PATHS = (
					"$(inherited)",
					"@executable_path/Frameworks",
				);
				MARKETING_VERSION = 1.0;
				PRODUCT_BUNDLE_IDENTIFIER = "com.itsmaxpark.Github-Followers";
				PRODUCT_NAME = "$(TARGET_NAME)";
				SWIFT_EMIT_LOC_STRINGS = YES;
				SWIFT_VERSION = 5.0;
				TARGETED_DEVICE_FAMILY = 1;
			};
			name = Release;
		};
/* End XCBuildConfiguration section */

/* Begin XCConfigurationList section */
		50AC68A52859285D00B78398 /* Build configuration list for PBXProject "Github Followers" */ = {
			isa = XCConfigurationList;
			buildConfigurations = (
				50AC68BC2859285E00B78398 /* Debug */,
				50AC68BD2859285E00B78398 /* Release */,
			);
			defaultConfigurationIsVisible = 0;
			defaultConfigurationName = Release;
		};
		50AC68BE2859285E00B78398 /* Build configuration list for PBXNativeTarget "Github Followers" */ = {
			isa = XCConfigurationList;
			buildConfigurations = (
				50AC68BF2859285E00B78398 /* Debug */,
				50AC68C02859285E00B78398 /* Release */,
			);
			defaultConfigurationIsVisible = 0;
			defaultConfigurationName = Release;
		};
/* End XCConfigurationList section */
	};
	rootObject = 50AC68A22859285D00B78398 /* Project object */;
}
